
Microsoft Visual Studio Solution File, Format Version 12.00
# Visual Studio Version 16
VisualStudioVersion = 16.0.31624.102
MinimumVisualStudioVersion = 10.0.40219.1
Project("{8BC9CEB8-8B4A-11D0-8D11-00A0C91BC942}") = "NWD", "NWD\NWD.vcxproj", "{22A821EA-E830-459E-83A8-7B502E9DEAEB}"
EndProject
Global
	GlobalSection(SolutionConfigurationPlatforms) = preSolution
		Debug|x64 = Debug|x64
		Debug|x86 = Debug|x86
		Release|x64 = Release|x64
		Release|x86 = Release|x86
	EndGlobalSection
	GlobalSection(ProjectConfigurationPlatforms) = postSolution
		{22A821EA-E830-459E-83A8-7B502E9DEAEB}.Debug|x64.ActiveCfg = Debug|x64
		{22A821EA-E830-459E-83A8-7B502E9DEAEB}.Debug|x64.Build.0 = Debug|x64
		{22A821EA-E830-459E-83A8-7B502E9DEAEB}.Debug|x86.ActiveCfg = Debug|Win32
		{22A821EA-E830-459E-83A8-7B502E9DEAEB}.Debug|x86.Build.0 = Debug|Win32
		{22A821EA-E830-459E-83A8-7B502E9DEAEB}.Release|x64.ActiveCfg = Release|x64
		{22A821EA-E830-459E-83A8-7B502E9DEAEB}.Release|x64.Build.0 = Release|x64
		{22A821EA-E830-459E-83A8-7B502E9DEAEB}.Release|x86.ActiveCfg = Release|Win32
		{22A821EA-E830-459E-83A8-7B502E9DEAEB}.Release|x86.Build.0 = Release|Win32
	EndGlobalSection
	GlobalSection(SolutionProperties) = preSolution
		HideSolutionNode = FALSE
	EndGlobalSection
	GlobalSection(ExtensibilityGlobals) = postSolution
		SolutionGuid = {C1CA2125-46D7-4E0F-AEEF-C71D540AE555}
	EndGlobalSection
EndGlobal
